
Microsoft Visual Studio Solution File, Format Version 12.00
# Visual Studio 2013
VisualStudioVersion = 12.0.21005.1
MinimumVisualStudioVersion = 10.0.40219.1
Project("{8BC9CEB8-8B4A-11D0-8D11-00A0C91BC942}") = "DEM_inject_server", "DEM_ingest_server.vcxproj", "{D8EB45E3-63E7-44C4-8280-03AC40B2BA26}"
EndProject
Project("{8BC9CEB8-8B4A-11D0-8D11-00A0C91BC942}") = "Injector_dll", "..\Win32Project1\Win32Project1.vcxproj", "{9BF3893B-8814-4B88-BE5D-183C35D757C2}"
EndProject
Global
	GlobalSection(SolutionConfigurationPlatforms) = preSolution
		Debug|Mixed Platforms = Debug|Mixed Platforms
		Debug|Win32 = Debug|Win32
		Debug|x64 = Debug|x64
		Release|Mixed Platforms = Release|Mixed Platforms
		Release|Win32 = Release|Win32
		Release|x64 = Release|x64
	EndGlobalSection
	GlobalSection(ProjectConfigurationPlatforms) = postSolution
		{D8EB45E3-63E7-44C4-8280-03AC40B2BA26}.Debug|Mixed Platforms.ActiveCfg = Debug|Win32
		{D8EB45E3-63E7-44C4-8280-03AC40B2BA26}.Debug|Mixed Platforms.Build.0 = Debug|Win32
		{D8EB45E3-63E7-44C4-8280-03AC40B2BA26}.Debug|Win32.ActiveCfg = Debug|Win32
		{D8EB45E3-63E7-44C4-8280-03AC40B2BA26}.Debug|Win32.Build.0 = Debug|Win32
		{D8EB45E3-63E7-44C4-8280-03AC40B2BA26}.Debug|x64.ActiveCfg = Debug|x64
		{D8EB45E3-63E7-44C4-8280-03AC40B2BA26}.Debug|x64.Build.0 = Debug|x64
		{D8EB45E3-63E7-44C4-8280-03AC40B2BA26}.Release|Mixed Platforms.ActiveCfg = Release|Win32
		{D8EB45E3-63E7-44C4-8280-03AC40B2BA26}.Release|Mixed Platforms.Build.0 = Release|Win32
		{D8EB45E3-63E7-44C4-8280-03AC40B2BA26}.Release|Win32.ActiveCfg = Release|Win32
		{D8EB45E3-63E7-44C4-8280-03AC40B2BA26}.Release|Win32.Build.0 = Release|Win32
		{D8EB45E3-63E7-44C4-8280-03AC40B2BA26}.Release|x64.ActiveCfg = Release|x64
		{D8EB45E3-63E7-44C4-8280-03AC40B2BA26}.Release|x64.Build.0 = Release|x64
		{9BF3893B-8814-4B88-BE5D-183C35D757C2}.Debug|Mixed Platforms.ActiveCfg = Debug|Win32
		{9BF3893B-8814-4B88-BE5D-183C35D757C2}.Debug|Mixed Platforms.Build.0 = Debug|Win32
		{9BF3893B-8814-4B88-BE5D-183C35D757C2}.Debug|Win32.ActiveCfg = Debug|Win32
		{9BF3893B-8814-4B88-BE5D-183C35D757C2}.Debug|Win32.Build.0 = Debug|Win32
		{9BF3893B-8814-4B88-BE5D-183C35D757C2}.Debug|x64.ActiveCfg = Debug|x64
		{9BF3893B-8814-4B88-BE5D-183C35D757C2}.Debug|x64.Build.0 = Debug|x64
		{9BF3893B-8814-4B88-BE5D-183C35D757C2}.Release|Mixed Platforms.ActiveCfg = Release|Win32
		{9BF3893B-8814-4B88-BE5D-183C35D757C2}.Release|Mixed Platforms.Build.0 = Release|Win32
		{9BF3893B-8814-4B88-BE5D-183C35D757C2}.Release|Win32.ActiveCfg = Release|Win32
		{9BF3893B-8814-4B88-BE5D-183C35D757C2}.Release|Win32.Build.0 = Release|Win32
		{9BF3893B-8814-4B88-BE5D-183C35D757C2}.Release|x64.ActiveCfg = Release|x64
		{9BF3893B-8814-4B88-BE5D-183C35D757C2}.Release|x64.Build.0 = Release|x64
	EndGlobalSection
	GlobalSection(SolutionProperties) = preSolution
		HideSolutionNode = FALSE
	EndGlobalSection
EndGlobal
